// !$*UTF8*$!
{
	archiveVersion = 1;
	classes = {
	};
	objectVersion = 50;
	objects = {

/* Begin PBXBuildFile section */
		D0208ABB2306E84F00A23503 /* libphonenumbermac.h in Headers */ = {isa = PBXBuildFile; fileRef = D0208AB92306E84F00A23503 /* libphonenumbermac.h */; };
		D0208ABF2306E85800A23503 /* NBMetadataCoreTest.h in Headers */ = {isa = PBXBuildFile; fileRef = D03E459B2305D1EF0049C28B /* NBMetadataCoreTest.h */; };
		D0208AC02306E85800A23503 /* NBPhoneMetaDataGenerator.h in Headers */ = {isa = PBXBuildFile; fileRef = D03E45A22305D1EF0049C28B /* NBPhoneMetaDataGenerator.h */; };
		D0208AC12306E85800A23503 /* NBNumberFormat.h in Headers */ = {isa = PBXBuildFile; fileRef = D03E45992305D1EF0049C28B /* NBNumberFormat.h */; };
		D0208AC32306E85800A23503 /* NBPhoneNumberUtil.h in Headers */ = {isa = PBXBuildFile; fileRef = D03E45A62305D1F00049C28B /* NBPhoneNumberUtil.h */; settings = {ATTRIBUTES = (Public, ); }; };
		D0208AC42306E85800A23503 /* libphonenumbermac.h in Headers */ = {isa = PBXBuildFile; fileRef = D0208AB92306E84F00A23503 /* libphonenumbermac.h */; settings = {ATTRIBUTES = (Public, ); }; };
		D0208AC52306E85800A23503 /* NBMetadataCoreMapper.h in Headers */ = {isa = PBXBuildFile; fileRef = D03E45A02305D1EF0049C28B /* NBMetadataCoreMapper.h */; };
		D0208AC62306E85800A23503 /* NBAsYouTypeFormatter.h in Headers */ = {isa = PBXBuildFile; fileRef = D03E459D2305D1EF0049C28B /* NBAsYouTypeFormatter.h */; settings = {ATTRIBUTES = (Public, ); }; };
		D0208AC72306E85800A23503 /* NBPhoneNumber.h in Headers */ = {isa = PBXBuildFile; fileRef = D03E45AA2305D1F10049C28B /* NBPhoneNumber.h */; settings = {ATTRIBUTES = (Public, ); }; };
		D0208AC82306E85800A23503 /* NBPhoneNumberDefines.h in Headers */ = {isa = PBXBuildFile; fileRef = D03E459C2305D1EF0049C28B /* NBPhoneNumberDefines.h */; settings = {ATTRIBUTES = (Public, ); }; };
		D0208AC92306E85800A23503 /* NBMetadataCore.h in Headers */ = {isa = PBXBuildFile; fileRef = D03E459E2305D1EF0049C28B /* NBMetadataCore.h */; };
		D0208ACA2306E85800A23503 /* NBPhoneMetaData.h in Headers */ = {isa = PBXBuildFile; fileRef = D03E45B02305D1F10049C28B /* NBPhoneMetaData.h */; };
		D0208ACB2306E85800A23503 /* NBPhoneNumberDesc.h in Headers */ = {isa = PBXBuildFile; fileRef = D03E45A72305D1F00049C28B /* NBPhoneNumberDesc.h */; };
		D0208ACC2306E85800A23503 /* NBMetadataHelper.h in Headers */ = {isa = PBXBuildFile; fileRef = D03E459A2305D1EF0049C28B /* NBMetadataHelper.h */; };
		D0208ACD2306E85800A23503 /* NBMetadataCoreTestMapper.h in Headers */ = {isa = PBXBuildFile; fileRef = D03E45A82305D1F00049C28B /* NBMetadataCoreTestMapper.h */; };
		D0208ACF2306E85800A23503 /* NBMetadataCoreMapper.m in Sources */ = {isa = PBXBuildFile; fileRef = D03E45A42305D1F00049C28B /* NBMetadataCoreMapper.m */; };
		D0208AD02306E85800A23503 /* NBMetadataCoreTestMapper.m in Sources */ = {isa = PBXBuildFile; fileRef = D03E45A32305D1F00049C28B /* NBMetadataCoreTestMapper.m */; };
		D0208AD12306E85800A23503 /* NBPhoneNumberDefines.m in Sources */ = {isa = PBXBuildFile; fileRef = D03E45A12305D1EF0049C28B /* NBPhoneNumberDefines.m */; };
		D0208AD22306E85800A23503 /* NBNumberFormat.m in Sources */ = {isa = PBXBuildFile; fileRef = D03E45AE2305D1F10049C28B /* NBNumberFormat.m */; };
		D0208AD32306E85800A23503 /* NBAsYouTypeFormatter.m in Sources */ = {isa = PBXBuildFile; fileRef = D03E45B12305D1F10049C28B /* NBAsYouTypeFormatter.m */; };
		D0208AD42306E85800A23503 /* NBMetadataCore.m in Sources */ = {isa = PBXBuildFile; fileRef = D03E45A92305D1F00049C28B /* NBMetadataCore.m */; };
		D0208AD52306E85800A23503 /* NBPhoneNumberDesc.m in Sources */ = {isa = PBXBuildFile; fileRef = D03E459F2305D1EF0049C28B /* NBPhoneNumberDesc.m */; };
		D0208AD62306E85800A23503 /* NBPhoneNumber.m in Sources */ = {isa = PBXBuildFile; fileRef = D03E45AD2305D1F10049C28B /* NBPhoneNumber.m */; };
		D0208AD72306E85800A23503 /* NBPhoneMetaData.m in Sources */ = {isa = PBXBuildFile; fileRef = D03E45AF2305D1F10049C28B /* NBPhoneMetaData.m */; };
		D0208AD82306E85800A23503 /* NBMetadataCoreTest.m in Sources */ = {isa = PBXBuildFile; fileRef = D03E45B22305D1F10049C28B /* NBMetadataCoreTest.m */; };
		D0208AD92306E85800A23503 /* NBPhoneMetaDataGenerator.m in Sources */ = {isa = PBXBuildFile; fileRef = D03E45AB2305D1F10049C28B /* NBPhoneMetaDataGenerator.m */; };
		D0208ADA2306E85800A23503 /* NBMetadataHelper.m in Sources */ = {isa = PBXBuildFile; fileRef = D03E45AC2305D1F10049C28B /* NBMetadataHelper.m */; };
		D0208ADB2306E85800A23503 /* NBPhoneNumberUtil.m in Sources */ = {isa = PBXBuildFile; fileRef = D03E45A52305D1F00049C28B /* NBPhoneNumberUtil.m */; };
		D0208ADD2306E85800A23503 /* Foundation.framework in Frameworks */ = {isa = PBXBuildFile; fileRef = D03E45CE2305D32D0049C28B /* Foundation.framework */; };
		D03E458F2305CE840049C28B /* libphonenumber.h in Headers */ = {isa = PBXBuildFile; fileRef = D03E458D2305CE840049C28B /* libphonenumber.h */; settings = {ATTRIBUTES = (Public, ); }; };
		D03E45B32305D1F20049C28B /* NBNumberFormat.h in Headers */ = {isa = PBXBuildFile; fileRef = D03E45992305D1EF0049C28B /* NBNumberFormat.h */; };
		D03E45B42305D1F20049C28B /* NBMetadataHelper.h in Headers */ = {isa = PBXBuildFile; fileRef = D03E459A2305D1EF0049C28B /* NBMetadataHelper.h */; };
		D03E45B52305D1F20049C28B /* NBMetadataCoreTest.h in Headers */ = {isa = PBXBuildFile; fileRef = D03E459B2305D1EF0049C28B /* NBMetadataCoreTest.h */; };
		D03E45B62305D1F20049C28B /* NBPhoneNumberDefines.h in Headers */ = {isa = PBXBuildFile; fileRef = D03E459C2305D1EF0049C28B /* NBPhoneNumberDefines.h */; settings = {ATTRIBUTES = (Public, ); }; };
		D03E45B72305D1F20049C28B /* NBAsYouTypeFormatter.h in Headers */ = {isa = PBXBuildFile; fileRef = D03E459D2305D1EF0049C28B /* NBAsYouTypeFormatter.h */; settings = {ATTRIBUTES = (Public, ); }; };
		D03E45B82305D1F20049C28B /* NBMetadataCore.h in Headers */ = {isa = PBXBuildFile; fileRef = D03E459E2305D1EF0049C28B /* NBMetadataCore.h */; };
		D03E45B92305D1F20049C28B /* NBPhoneNumberDesc.m in Sources */ = {isa = PBXBuildFile; fileRef = D03E459F2305D1EF0049C28B /* NBPhoneNumberDesc.m */; };
		D03E45BA2305D1F20049C28B /* NBMetadataCoreMapper.h in Headers */ = {isa = PBXBuildFile; fileRef = D03E45A02305D1EF0049C28B /* NBMetadataCoreMapper.h */; };
		D03E45BB2305D1F20049C28B /* NBPhoneNumberDefines.m in Sources */ = {isa = PBXBuildFile; fileRef = D03E45A12305D1EF0049C28B /* NBPhoneNumberDefines.m */; };
		D03E45BC2305D1F20049C28B /* NBPhoneMetaDataGenerator.h in Headers */ = {isa = PBXBuildFile; fileRef = D03E45A22305D1EF0049C28B /* NBPhoneMetaDataGenerator.h */; };
		D03E45BD2305D1F20049C28B /* NBMetadataCoreTestMapper.m in Sources */ = {isa = PBXBuildFile; fileRef = D03E45A32305D1F00049C28B /* NBMetadataCoreTestMapper.m */; };
		D03E45BE2305D1F20049C28B /* NBMetadataCoreMapper.m in Sources */ = {isa = PBXBuildFile; fileRef = D03E45A42305D1F00049C28B /* NBMetadataCoreMapper.m */; };
		D03E45BF2305D1F20049C28B /* NBPhoneNumberUtil.m in Sources */ = {isa = PBXBuildFile; fileRef = D03E45A52305D1F00049C28B /* NBPhoneNumberUtil.m */; };
		D03E45C02305D1F20049C28B /* NBPhoneNumberUtil.h in Headers */ = {isa = PBXBuildFile; fileRef = D03E45A62305D1F00049C28B /* NBPhoneNumberUtil.h */; settings = {ATTRIBUTES = (Public, ); }; };
		D03E45C12305D1F20049C28B /* NBPhoneNumberDesc.h in Headers */ = {isa = PBXBuildFile; fileRef = D03E45A72305D1F00049C28B /* NBPhoneNumberDesc.h */; };
		D03E45C22305D1F20049C28B /* NBMetadataCoreTestMapper.h in Headers */ = {isa = PBXBuildFile; fileRef = D03E45A82305D1F00049C28B /* NBMetadataCoreTestMapper.h */; };
		D03E45C32305D1F20049C28B /* NBMetadataCore.m in Sources */ = {isa = PBXBuildFile; fileRef = D03E45A92305D1F00049C28B /* NBMetadataCore.m */; };
		D03E45C42305D1F20049C28B /* NBPhoneNumber.h in Headers */ = {isa = PBXBuildFile; fileRef = D03E45AA2305D1F10049C28B /* NBPhoneNumber.h */; settings = {ATTRIBUTES = (Public, ); }; };
		D03E45C52305D1F20049C28B /* NBPhoneMetaDataGenerator.m in Sources */ = {isa = PBXBuildFile; fileRef = D03E45AB2305D1F10049C28B /* NBPhoneMetaDataGenerator.m */; };
		D03E45C62305D1F20049C28B /* NBMetadataHelper.m in Sources */ = {isa = PBXBuildFile; fileRef = D03E45AC2305D1F10049C28B /* NBMetadataHelper.m */; };
		D03E45C72305D1F20049C28B /* NBPhoneNumber.m in Sources */ = {isa = PBXBuildFile; fileRef = D03E45AD2305D1F10049C28B /* NBPhoneNumber.m */; };
		D03E45C82305D1F20049C28B /* NBNumberFormat.m in Sources */ = {isa = PBXBuildFile; fileRef = D03E45AE2305D1F10049C28B /* NBNumberFormat.m */; };
		D03E45C92305D1F20049C28B /* NBPhoneMetaData.m in Sources */ = {isa = PBXBuildFile; fileRef = D03E45AF2305D1F10049C28B /* NBPhoneMetaData.m */; };
		D03E45CA2305D1F20049C28B /* NBPhoneMetaData.h in Headers */ = {isa = PBXBuildFile; fileRef = D03E45B02305D1F10049C28B /* NBPhoneMetaData.h */; };
		D03E45CB2305D1F20049C28B /* NBAsYouTypeFormatter.m in Sources */ = {isa = PBXBuildFile; fileRef = D03E45B12305D1F10049C28B /* NBAsYouTypeFormatter.m */; };
		D03E45CC2305D1F20049C28B /* NBMetadataCoreTest.m in Sources */ = {isa = PBXBuildFile; fileRef = D03E45B22305D1F10049C28B /* NBMetadataCoreTest.m */; };
		D03E45CF2305D32E0049C28B /* Foundation.framework in Frameworks */ = {isa = PBXBuildFile; fileRef = D03E45CE2305D32D0049C28B /* Foundation.framework */; };
/* End PBXBuildFile section */

/* Begin PBXFileReference section */
		D0208AB92306E84F00A23503 /* libphonenumbermac.h */ = {isa = PBXFileReference; fileEncoding = 4; lastKnownFileType = sourcecode.c.h; path = libphonenumbermac.h; sourceTree = "<group>"; };
		D0208ABA2306E84F00A23503 /* Info.plist */ = {isa = PBXFileReference; fileEncoding = 4; lastKnownFileType = text.plist.xml; path = Info.plist; sourceTree = "<group>"; };
		D0208AE52306E85800A23503 /* libphonenumbermac.framework */ = {isa = PBXFileReference; explicitFileType = wrapper.framework; includeInIndex = 0; path = libphonenumbermac.framework; sourceTree = BUILT_PRODUCTS_DIR; };
		D03E458A2305CE830049C28B /* libphonenumber.framework */ = {isa = PBXFileReference; explicitFileType = wrapper.framework; includeInIndex = 0; path = libphonenumber.framework; sourceTree = BUILT_PRODUCTS_DIR; };
		D03E458D2305CE840049C28B /* libphonenumber.h */ = {isa = PBXFileReference; lastKnownFileType = sourcecode.c.h; path = libphonenumber.h; sourceTree = "<group>"; };
		D03E458E2305CE840049C28B /* Info.plist */ = {isa = PBXFileReference; lastKnownFileType = text.plist.xml; path = Info.plist; sourceTree = "<group>"; };
		D03E45992305D1EF0049C28B /* NBNumberFormat.h */ = {isa = PBXFileReference; fileEncoding = 4; lastKnownFileType = sourcecode.c.h; path = NBNumberFormat.h; sourceTree = "<group>"; };
		D03E459A2305D1EF0049C28B /* NBMetadataHelper.h */ = {isa = PBXFileReference; fileEncoding = 4; lastKnownFileType = sourcecode.c.h; path = NBMetadataHelper.h; sourceTree = "<group>"; };
		D03E459B2305D1EF0049C28B /* NBMetadataCoreTest.h */ = {isa = PBXFileReference; fileEncoding = 4; lastKnownFileType = sourcecode.c.h; path = NBMetadataCoreTest.h; sourceTree = "<group>"; };
		D03E459C2305D1EF0049C28B /* NBPhoneNumberDefines.h */ = {isa = PBXFileReference; fileEncoding = 4; lastKnownFileType = sourcecode.c.h; path = NBPhoneNumberDefines.h; sourceTree = "<group>"; };
		D03E459D2305D1EF0049C28B /* NBAsYouTypeFormatter.h */ = {isa = PBXFileReference; fileEncoding = 4; lastKnownFileType = sourcecode.c.h; path = NBAsYouTypeFormatter.h; sourceTree = "<group>"; };
		D03E459E2305D1EF0049C28B /* NBMetadataCore.h */ = {isa = PBXFileReference; fileEncoding = 4; lastKnownFileType = sourcecode.c.h; path = NBMetadataCore.h; sourceTree = "<group>"; };
		D03E459F2305D1EF0049C28B /* NBPhoneNumberDesc.m */ = {isa = PBXFileReference; fileEncoding = 4; lastKnownFileType = sourcecode.c.objc; path = NBPhoneNumberDesc.m; sourceTree = "<group>"; };
		D03E45A02305D1EF0049C28B /* NBMetadataCoreMapper.h */ = {isa = PBXFileReference; fileEncoding = 4; lastKnownFileType = sourcecode.c.h; path = NBMetadataCoreMapper.h; sourceTree = "<group>"; };
		D03E45A12305D1EF0049C28B /* NBPhoneNumberDefines.m */ = {isa = PBXFileReference; fileEncoding = 4; lastKnownFileType = sourcecode.c.objc; path = NBPhoneNumberDefines.m; sourceTree = "<group>"; };
		D03E45A22305D1EF0049C28B /* NBPhoneMetaDataGenerator.h */ = {isa = PBXFileReference; fileEncoding = 4; lastKnownFileType = sourcecode.c.h; path = NBPhoneMetaDataGenerator.h; sourceTree = "<group>"; };
		D03E45A32305D1F00049C28B /* NBMetadataCoreTestMapper.m */ = {isa = PBXFileReference; fileEncoding = 4; lastKnownFileType = sourcecode.c.objc; path = NBMetadataCoreTestMapper.m; sourceTree = "<group>"; };
		D03E45A42305D1F00049C28B /* NBMetadataCoreMapper.m */ = {isa = PBXFileReference; fileEncoding = 4; lastKnownFileType = sourcecode.c.objc; path = NBMetadataCoreMapper.m; sourceTree = "<group>"; };
		D03E45A52305D1F00049C28B /* NBPhoneNumberUtil.m */ = {isa = PBXFileReference; fileEncoding = 4; lastKnownFileType = sourcecode.c.objc; path = NBPhoneNumberUtil.m; sourceTree = "<group>"; };
		D03E45A62305D1F00049C28B /* NBPhoneNumberUtil.h */ = {isa = PBXFileReference; fileEncoding = 4; lastKnownFileType = sourcecode.c.h; path = NBPhoneNumberUtil.h; sourceTree = "<group>"; };
		D03E45A72305D1F00049C28B /* NBPhoneNumberDesc.h */ = {isa = PBXFileReference; fileEncoding = 4; lastKnownFileType = sourcecode.c.h; path = NBPhoneNumberDesc.h; sourceTree = "<group>"; };
		D03E45A82305D1F00049C28B /* NBMetadataCoreTestMapper.h */ = {isa = PBXFileReference; fileEncoding = 4; lastKnownFileType = sourcecode.c.h; path = NBMetadataCoreTestMapper.h; sourceTree = "<group>"; };
		D03E45A92305D1F00049C28B /* NBMetadataCore.m */ = {isa = PBXFileReference; fileEncoding = 4; lastKnownFileType = sourcecode.c.objc; path = NBMetadataCore.m; sourceTree = "<group>"; };
		D03E45AA2305D1F10049C28B /* NBPhoneNumber.h */ = {isa = PBXFileReference; fileEncoding = 4; lastKnownFileType = sourcecode.c.h; path = NBPhoneNumber.h; sourceTree = "<group>"; };
		D03E45AB2305D1F10049C28B /* NBPhoneMetaDataGenerator.m */ = {isa = PBXFileReference; fileEncoding = 4; lastKnownFileType = sourcecode.c.objc; path = NBPhoneMetaDataGenerator.m; sourceTree = "<group>"; };
		D03E45AC2305D1F10049C28B /* NBMetadataHelper.m */ = {isa = PBXFileReference; fileEncoding = 4; lastKnownFileType = sourcecode.c.objc; path = NBMetadataHelper.m; sourceTree = "<group>"; };
		D03E45AD2305D1F10049C28B /* NBPhoneNumber.m */ = {isa = PBXFileReference; fileEncoding = 4; lastKnownFileType = sourcecode.c.objc; path = NBPhoneNumber.m; sourceTree = "<group>"; };
		D03E45AE2305D1F10049C28B /* NBNumberFormat.m */ = {isa = PBXFileReference; fileEncoding = 4; lastKnownFileType = sourcecode.c.objc; path = NBNumberFormat.m; sourceTree = "<group>"; };
		D03E45AF2305D1F10049C28B /* NBPhoneMetaData.m */ = {isa = PBXFileReference; fileEncoding = 4; lastKnownFileType = sourcecode.c.objc; path = NBPhoneMetaData.m; sourceTree = "<group>"; };
		D03E45B02305D1F10049C28B /* NBPhoneMetaData.h */ = {isa = PBXFileReference; fileEncoding = 4; lastKnownFileType = sourcecode.c.h; path = NBPhoneMetaData.h; sourceTree = "<group>"; };
		D03E45B12305D1F10049C28B /* NBAsYouTypeFormatter.m */ = {isa = PBXFileReference; fileEncoding = 4; lastKnownFileType = sourcecode.c.objc; path = NBAsYouTypeFormatter.m; sourceTree = "<group>"; };
		D03E45B22305D1F10049C28B /* NBMetadataCoreTest.m */ = {isa = PBXFileReference; fileEncoding = 4; lastKnownFileType = sourcecode.c.objc; path = NBMetadataCoreTest.m; sourceTree = "<group>"; };
		D03E45CE2305D32D0049C28B /* Foundation.framework */ = {isa = PBXFileReference; lastKnownFileType = wrapper.framework; name = Foundation.framework; path = System/Library/Frameworks/Foundation.framework; sourceTree = SDKROOT; };
/* End PBXFileReference section */

/* Begin PBXFrameworksBuildPhase section */
		D0208ADC2306E85800A23503 /* Frameworks */ = {
			isa = PBXFrameworksBuildPhase;
			buildActionMask = 2147483647;
			files = (
				D0208ADD2306E85800A23503 /* Foundation.framework in Frameworks */,
			);
			runOnlyForDeploymentPostprocessing = 0;
		};
		D03E45872305CE830049C28B /* Frameworks */ = {
			isa = PBXFrameworksBuildPhase;
			buildActionMask = 2147483647;
			files = (
				D03E45CF2305D32E0049C28B /* Foundation.framework in Frameworks */,
			);
			runOnlyForDeploymentPostprocessing = 0;
		};
/* End PBXFrameworksBuildPhase section */

/* Begin PBXGroup section */
		D0208AB82306E84F00A23503 /* libphonenumbermac */ = {
			isa = PBXGroup;
			children = (
				D0208AB92306E84F00A23503 /* libphonenumbermac.h */,
				D0208ABA2306E84F00A23503 /* Info.plist */,
			);
			path = libphonenumbermac;
			sourceTree = "<group>";
		};
		D03E45802305CE830049C28B = {
			isa = PBXGroup;
			children = (
				D03E458E2305CE840049C28B /* Info.plist */,
				D0208AB82306E84F00A23503 /* libphonenumbermac */,
				D03E458C2305CE840049C28B /* Sources */,
				D03E458B2305CE830049C28B /* Products */,
				D03E45CD2305D32D0049C28B /* Frameworks */,
			);
			sourceTree = "<group>";
		};
		D03E458B2305CE830049C28B /* Products */ = {
			isa = PBXGroup;
			children = (
				D03E458A2305CE830049C28B /* libphonenumber.framework */,
				D0208AE52306E85800A23503 /* libphonenumbermac.framework */,
			);
			name = Products;
			sourceTree = "<group>";
		};
		D03E458C2305CE840049C28B /* Sources */ = {
			isa = PBXGroup;
			children = (
				D03E459D2305D1EF0049C28B /* NBAsYouTypeFormatter.h */,
				D03E45B12305D1F10049C28B /* NBAsYouTypeFormatter.m */,
				D03E459E2305D1EF0049C28B /* NBMetadataCore.h */,
				D03E45A92305D1F00049C28B /* NBMetadataCore.m */,
				D03E45A02305D1EF0049C28B /* NBMetadataCoreMapper.h */,
				D03E45A42305D1F00049C28B /* NBMetadataCoreMapper.m */,
				D03E459B2305D1EF0049C28B /* NBMetadataCoreTest.h */,
				D03E45B22305D1F10049C28B /* NBMetadataCoreTest.m */,
				D03E45A82305D1F00049C28B /* NBMetadataCoreTestMapper.h */,
				D03E45A32305D1F00049C28B /* NBMetadataCoreTestMapper.m */,
				D03E459A2305D1EF0049C28B /* NBMetadataHelper.h */,
				D03E45AC2305D1F10049C28B /* NBMetadataHelper.m */,
				D03E45992305D1EF0049C28B /* NBNumberFormat.h */,
				D03E45AE2305D1F10049C28B /* NBNumberFormat.m */,
				D03E45B02305D1F10049C28B /* NBPhoneMetaData.h */,
				D03E45AF2305D1F10049C28B /* NBPhoneMetaData.m */,
				D03E45A22305D1EF0049C28B /* NBPhoneMetaDataGenerator.h */,
				D03E45AB2305D1F10049C28B /* NBPhoneMetaDataGenerator.m */,
				D03E45AA2305D1F10049C28B /* NBPhoneNumber.h */,
				D03E45AD2305D1F10049C28B /* NBPhoneNumber.m */,
				D03E459C2305D1EF0049C28B /* NBPhoneNumberDefines.h */,
				D03E45A12305D1EF0049C28B /* NBPhoneNumberDefines.m */,
				D03E45A72305D1F00049C28B /* NBPhoneNumberDesc.h */,
				D03E459F2305D1EF0049C28B /* NBPhoneNumberDesc.m */,
				D03E45A62305D1F00049C28B /* NBPhoneNumberUtil.h */,
				D03E45A52305D1F00049C28B /* NBPhoneNumberUtil.m */,
				D03E458D2305CE840049C28B /* libphonenumber.h */,
			);
			path = Sources;
			sourceTree = "<group>";
		};
		D03E45CD2305D32D0049C28B /* Frameworks */ = {
			isa = PBXGroup;
			children = (
				D03E45CE2305D32D0049C28B /* Foundation.framework */,
			);
			name = Frameworks;
			sourceTree = "<group>";
		};
/* End PBXGroup section */

/* Begin PBXHeadersBuildPhase section */
		D0208ABE2306E85800A23503 /* Headers */ = {
			isa = PBXHeadersBuildPhase;
			buildActionMask = 2147483647;
			files = (
				D0208AC42306E85800A23503 /* libphonenumbermac.h in Headers */,
				D0208ABF2306E85800A23503 /* NBMetadataCoreTest.h in Headers */,
				D0208AC02306E85800A23503 /* NBPhoneMetaDataGenerator.h in Headers */,
				D0208AC12306E85800A23503 /* NBNumberFormat.h in Headers */,
				D0208AC32306E85800A23503 /* NBPhoneNumberUtil.h in Headers */,
				D0208AC52306E85800A23503 /* NBMetadataCoreMapper.h in Headers */,
				D0208AC62306E85800A23503 /* NBAsYouTypeFormatter.h in Headers */,
				D0208AC72306E85800A23503 /* NBPhoneNumber.h in Headers */,
				D0208AC82306E85800A23503 /* NBPhoneNumberDefines.h in Headers */,
				D0208AC92306E85800A23503 /* NBMetadataCore.h in Headers */,
				D0208ACA2306E85800A23503 /* NBPhoneMetaData.h in Headers */,
				D0208ACB2306E85800A23503 /* NBPhoneNumberDesc.h in Headers */,
				D0208ACC2306E85800A23503 /* NBMetadataHelper.h in Headers */,
				D0208ACD2306E85800A23503 /* NBMetadataCoreTestMapper.h in Headers */,
			);
			runOnlyForDeploymentPostprocessing = 0;
		};
		D03E45852305CE830049C28B /* Headers */ = {
			isa = PBXHeadersBuildPhase;
			buildActionMask = 2147483647;
			files = (
				D03E45B52305D1F20049C28B /* NBMetadataCoreTest.h in Headers */,
				D03E45BC2305D1F20049C28B /* NBPhoneMetaDataGenerator.h in Headers */,
				D03E45B32305D1F20049C28B /* NBNumberFormat.h in Headers */,
				D03E458F2305CE840049C28B /* libphonenumber.h in Headers */,
				D03E45C02305D1F20049C28B /* NBPhoneNumberUtil.h in Headers */,
				D0208ABB2306E84F00A23503 /* libphonenumbermac.h in Headers */,
				D03E45BA2305D1F20049C28B /* NBMetadataCoreMapper.h in Headers */,
				D03E45B72305D1F20049C28B /* NBAsYouTypeFormatter.h in Headers */,
				D03E45C42305D1F20049C28B /* NBPhoneNumber.h in Headers */,
				D03E45B62305D1F20049C28B /* NBPhoneNumberDefines.h in Headers */,
				D03E45B82305D1F20049C28B /* NBMetadataCore.h in Headers */,
				D03E45CA2305D1F20049C28B /* NBPhoneMetaData.h in Headers */,
				D03E45C12305D1F20049C28B /* NBPhoneNumberDesc.h in Headers */,
				D03E45B42305D1F20049C28B /* NBMetadataHelper.h in Headers */,
				D03E45C22305D1F20049C28B /* NBMetadataCoreTestMapper.h in Headers */,
			);
			runOnlyForDeploymentPostprocessing = 0;
		};
/* End PBXHeadersBuildPhase section */

/* Begin PBXNativeTarget section */
		D0208ABD2306E85800A23503 /* libphonenumbermac */ = {
			isa = PBXNativeTarget;
			buildConfigurationList = D0208AE02306E85800A23503 /* Build configuration list for PBXNativeTarget "libphonenumbermac" */;
			buildPhases = (
				D0208ABE2306E85800A23503 /* Headers */,
				D0208ACE2306E85800A23503 /* Sources */,
				D0208ADC2306E85800A23503 /* Frameworks */,
				D0208ADE2306E85800A23503 /* Resources */,
			);
			buildRules = (
			);
			dependencies = (
			);
			name = libphonenumbermac;
			productName = "libphonenumber-iOS";
			productReference = D0208AE52306E85800A23503 /* libphonenumbermac.framework */;
			productType = "com.apple.product-type.framework";
		};
		D03E45892305CE830049C28B /* libphonenumber */ = {
			isa = PBXNativeTarget;
			buildConfigurationList = D03E45922305CE840049C28B /* Build configuration list for PBXNativeTarget "libphonenumber" */;
			buildPhases = (
				D03E45852305CE830049C28B /* Headers */,
				D03E45862305CE830049C28B /* Sources */,
				D03E45872305CE830049C28B /* Frameworks */,
				D03E45882305CE830049C28B /* Resources */,
			);
			buildRules = (
			);
			dependencies = (
			);
			name = libphonenumber;
			productName = "libphonenumber-iOS";
			productReference = D03E458A2305CE830049C28B /* libphonenumber.framework */;
			productType = "com.apple.product-type.framework";
		};
/* End PBXNativeTarget section */

/* Begin PBXProject section */
		D03E45812305CE830049C28B /* Project object */ = {
			isa = PBXProject;
			attributes = {
				DefaultBuildSystemTypeForWorkspace = Latest;
				LastUpgradeCheck = 1030;
				ORGANIZATIONNAME = "Telegram Messenger LLP";
				TargetAttributes = {
					D03E45892305CE830049C28B = {
						CreatedOnToolsVersion = 10.3;
					};
				};
			};
			buildConfigurationList = D03E45842305CE830049C28B /* Build configuration list for PBXProject "libphonenumber_Xcode" */;
			compatibilityVersion = "Xcode 9.3";
			developmentRegion = en;
			hasScannedForEncodings = 0;
			knownRegions = (
				en,
			);
			mainGroup = D03E45802305CE830049C28B;
			productRefGroup = D03E458B2305CE830049C28B /* Products */;
			projectDirPath = "";
			projectRoot = "";
			targets = (
				D03E45892305CE830049C28B /* libphonenumber */,
				D0208ABD2306E85800A23503 /* libphonenumbermac */,
			);
		};
/* End PBXProject section */

/* Begin PBXResourcesBuildPhase section */
		D0208ADE2306E85800A23503 /* Resources */ = {
			isa = PBXResourcesBuildPhase;
			buildActionMask = 2147483647;
			files = (
			);
			runOnlyForDeploymentPostprocessing = 0;
		};
		D03E45882305CE830049C28B /* Resources */ = {
			isa = PBXResourcesBuildPhase;
			buildActionMask = 2147483647;
			files = (
			);
			runOnlyForDeploymentPostprocessing = 0;
		};
/* End PBXResourcesBuildPhase section */

/* Begin PBXSourcesBuildPhase section */
		D0208ACE2306E85800A23503 /* Sources */ = {
			isa = PBXSourcesBuildPhase;
			buildActionMask = 2147483647;
			files = (
				D0208ACF2306E85800A23503 /* NBMetadataCoreMapper.m in Sources */,
				D0208AD02306E85800A23503 /* NBMetadataCoreTestMapper.m in Sources */,
				D0208AD12306E85800A23503 /* NBPhoneNumberDefines.m in Sources */,
				D0208AD22306E85800A23503 /* NBNumberFormat.m in Sources */,
				D0208AD32306E85800A23503 /* NBAsYouTypeFormatter.m in Sources */,
				D0208AD42306E85800A23503 /* NBMetadataCore.m in Sources */,
				D0208AD52306E85800A23503 /* NBPhoneNumberDesc.m in Sources */,
				D0208AD62306E85800A23503 /* NBPhoneNumber.m in Sources */,
				D0208AD72306E85800A23503 /* NBPhoneMetaData.m in Sources */,
				D0208AD82306E85800A23503 /* NBMetadataCoreTest.m in Sources */,
				D0208AD92306E85800A23503 /* NBPhoneMetaDataGenerator.m in Sources */,
				D0208ADA2306E85800A23503 /* NBMetadataHelper.m in Sources */,
				D0208ADB2306E85800A23503 /* NBPhoneNumberUtil.m in Sources */,
			);
			runOnlyForDeploymentPostprocessing = 0;
		};
		D03E45862305CE830049C28B /* Sources */ = {
			isa = PBXSourcesBuildPhase;
			buildActionMask = 2147483647;
			files = (
				D03E45BE2305D1F20049C28B /* NBMetadataCoreMapper.m in Sources */,
				D03E45BD2305D1F20049C28B /* NBMetadataCoreTestMapper.m in Sources */,
				D03E45BB2305D1F20049C28B /* NBPhoneNumberDefines.m in Sources */,
				D03E45C82305D1F20049C28B /* NBNumberFormat.m in Sources */,
				D03E45CB2305D1F20049C28B /* NBAsYouTypeFormatter.m in Sources */,
				D03E45C32305D1F20049C28B /* NBMetadataCore.m in Sources */,
				D03E45B92305D1F20049C28B /* NBPhoneNumberDesc.m in Sources */,
				D03E45C72305D1F20049C28B /* NBPhoneNumber.m in Sources */,
				D03E45C92305D1F20049C28B /* NBPhoneMetaData.m in Sources */,
				D03E45CC2305D1F20049C28B /* NBMetadataCoreTest.m in Sources */,
				D03E45C52305D1F20049C28B /* NBPhoneMetaDataGenerator.m in Sources */,
				D03E45C62305D1F20049C28B /* NBMetadataHelper.m in Sources */,
				D03E45BF2305D1F20049C28B /* NBPhoneNumberUtil.m in Sources */,
			);
			runOnlyForDeploymentPostprocessing = 0;
		};
/* End PBXSourcesBuildPhase section */

/* Begin XCBuildConfiguration section */
		D0208AE12306E85800A23503 /* DebugAppStoreLLC */ = {
			isa = XCBuildConfiguration;
			buildSettings = {
				APPLICATION_EXTENSION_API_ONLY = YES;
				CODE_SIGN_IDENTITY = "";
				CODE_SIGN_STYLE = Manual;
				DEFINES_MODULE = YES;
				DEVELOPMENT_TEAM = "";
				DYLIB_COMPATIBILITY_VERSION = 1;
				DYLIB_CURRENT_VERSION = 1;
				DYLIB_INSTALL_NAME_BASE = "@rpath";
				INFOPLIST_FILE = libphonenumbermac/Info.plist;
				INSTALL_PATH = "$(LOCAL_LIBRARY_DIR)/Frameworks";
				LD_RUNPATH_SEARCH_PATHS = (
					"$(inherited)",
					"@executable_path/Frameworks",
					"@loader_path/Frameworks",
				);
				MACH_O_TYPE = staticlib;
				PRODUCT_BUNDLE_IDENTIFIER = org.telegram.libphonenumbermac;
				PRODUCT_NAME = "$(TARGET_NAME)";
				PROVISIONING_PROFILE_SPECIFIER = "";
				SDKROOT = macosx;
				SKIP_INSTALL = YES;
				TARGETED_DEVICE_FAMILY = "1,2";
			};
			name = DebugAppStoreLLC;
		};
		D0208AE22306E85800A23503 /* DebugHockeyapp */ = {
			isa = XCBuildConfiguration;
			buildSettings = {
				APPLICATION_EXTENSION_API_ONLY = YES;
				CODE_SIGN_IDENTITY = "";
				CODE_SIGN_STYLE = Manual;
				DEFINES_MODULE = YES;
				DEVELOPMENT_TEAM = "";
				DYLIB_COMPATIBILITY_VERSION = 1;
				DYLIB_CURRENT_VERSION = 1;
				DYLIB_INSTALL_NAME_BASE = "@rpath";
				INFOPLIST_FILE = libphonenumbermac/Info.plist;
				INSTALL_PATH = "$(LOCAL_LIBRARY_DIR)/Frameworks";
				LD_RUNPATH_SEARCH_PATHS = (
					"$(inherited)",
					"@executable_path/Frameworks",
					"@loader_path/Frameworks",
				);
				MACH_O_TYPE = staticlib;
				PRODUCT_BUNDLE_IDENTIFIER = org.telegram.libphonenumbermac;
				PRODUCT_NAME = "$(TARGET_NAME)";
				PROVISIONING_PROFILE_SPECIFIER = "";
				SDKROOT = macosx;
				SKIP_INSTALL = YES;
				TARGETED_DEVICE_FAMILY = "1,2";
			};
			name = DebugHockeyapp;
		};
		D0208AE32306E85800A23503 /* ReleaseAppStoreLLC */ = {
			isa = XCBuildConfiguration;
			buildSettings = {
				APPLICATION_EXTENSION_API_ONLY = YES;
				CODE_SIGN_IDENTITY = "";
				CODE_SIGN_STYLE = Manual;
				DEFINES_MODULE = YES;
				DEVELOPMENT_TEAM = "";
				DYLIB_COMPATIBILITY_VERSION = 1;
				DYLIB_CURRENT_VERSION = 1;
				DYLIB_INSTALL_NAME_BASE = "@rpath";
				INFOPLIST_FILE = libphonenumbermac/Info.plist;
				INSTALL_PATH = "$(LOCAL_LIBRARY_DIR)/Frameworks";
				LD_RUNPATH_SEARCH_PATHS = (
					"$(inherited)",
					"@executable_path/Frameworks",
					"@loader_path/Frameworks",
				);
				MACH_O_TYPE = staticlib;
				PRODUCT_BUNDLE_IDENTIFIER = org.telegram.libphonenumbermac;
				PRODUCT_NAME = "$(TARGET_NAME)";
				PROVISIONING_PROFILE_SPECIFIER = "";
				SDKROOT = macosx;
				SKIP_INSTALL = YES;
				TARGETED_DEVICE_FAMILY = "1,2";
			};
			name = ReleaseAppStoreLLC;
		};
		D0208AE42306E85800A23503 /* ReleaseHockeyappInternal */ = {
			isa = XCBuildConfiguration;
			buildSettings = {
				APPLICATION_EXTENSION_API_ONLY = YES;
				CODE_SIGN_IDENTITY = "";
				CODE_SIGN_STYLE = Manual;
				DEFINES_MODULE = YES;
				DEVELOPMENT_TEAM = "";
				DYLIB_COMPATIBILITY_VERSION = 1;
				DYLIB_CURRENT_VERSION = 1;
				DYLIB_INSTALL_NAME_BASE = "@rpath";
				INFOPLIST_FILE = libphonenumbermac/Info.plist;
				INSTALL_PATH = "$(LOCAL_LIBRARY_DIR)/Frameworks";
				LD_RUNPATH_SEARCH_PATHS = (
					"$(inherited)",
					"@executable_path/Frameworks",
					"@loader_path/Frameworks",
				);
				MACH_O_TYPE = staticlib;
				PRODUCT_BUNDLE_IDENTIFIER = org.telegram.libphonenumbermac;
				PRODUCT_NAME = "$(TARGET_NAME)";
				PROVISIONING_PROFILE_SPECIFIER = "";
				SDKROOT = macosx;
				SKIP_INSTALL = YES;
				TARGETED_DEVICE_FAMILY = "1,2";
			};
			name = ReleaseHockeyappInternal;
		};
		D0208AE72306E86800A23503 /* DebugAppStore */ = {
			isa = XCBuildConfiguration;
			buildSettings = {
				ALWAYS_SEARCH_USER_PATHS = NO;
				CLANG_ANALYZER_NONNULL = YES;
				CLANG_ANALYZER_NUMBER_OBJECT_CONVERSION = YES_AGGRESSIVE;
				CLANG_CXX_LANGUAGE_STANDARD = "gnu++14";
				CLANG_CXX_LIBRARY = "libc++";
				CLANG_ENABLE_MODULES = YES;
				CLANG_ENABLE_OBJC_ARC = YES;
				CLANG_ENABLE_OBJC_WEAK = YES;
				CLANG_WARN_BLOCK_CAPTURE_AUTORELEASING = YES;
				CLANG_WARN_BOOL_CONVERSION = YES;
				CLANG_WARN_COMMA = YES;
				CLANG_WARN_CONSTANT_CONVERSION = YES;
				CLANG_WARN_DEPRECATED_OBJC_IMPLEMENTATIONS = YES;
				CLANG_WARN_DIRECT_OBJC_ISA_USAGE = YES_ERROR;
				CLANG_WARN_DOCUMENTATION_COMMENTS = YES;
				CLANG_WARN_EMPTY_BODY = YES;
				CLANG_WARN_ENUM_CONVERSION = YES;
				CLANG_WARN_INFINITE_RECURSION = YES;
				CLANG_WARN_INT_CONVERSION = YES;
				CLANG_WARN_NON_LITERAL_NULL_CONVERSION = YES;
				CLANG_WARN_OBJC_IMPLICIT_RETAIN_SELF = YES;
				CLANG_WARN_OBJC_LITERAL_CONVERSION = YES;
				CLANG_WARN_OBJC_ROOT_CLASS = YES_ERROR;
				CLANG_WARN_RANGE_LOOP_ANALYSIS = YES;
				CLANG_WARN_STRICT_PROTOTYPES = YES;
				CLANG_WARN_SUSPICIOUS_MOVE = YES;
				CLANG_WARN_UNGUARDED_AVAILABILITY = YES_AGGRESSIVE;
				CLANG_WARN_UNREACHABLE_CODE = YES;
				CLANG_WARN__DUPLICATE_METHOD_MATCH = YES;
				CODE_SIGN_IDENTITY = "iPhone Developer";
				COPY_PHASE_STRIP = NO;
				CURRENT_PROJECT_VERSION = 1;
				DEBUG_INFORMATION_FORMAT = dwarf;
				ENABLE_STRICT_OBJC_MSGSEND = YES;
				ENABLE_TESTABILITY = YES;
				GCC_C_LANGUAGE_STANDARD = gnu11;
				GCC_DYNAMIC_NO_PIC = NO;
				GCC_NO_COMMON_BLOCKS = YES;
				GCC_OPTIMIZATION_LEVEL = 0;
				GCC_PREPROCESSOR_DEFINITIONS = (
					"DEBUG=1",
					"$(inherited)",
				);
				GCC_WARN_64_TO_32_BIT_CONVERSION = YES;
				GCC_WARN_ABOUT_RETURN_TYPE = YES_ERROR;
				GCC_WARN_UNDECLARED_SELECTOR = YES;
				GCC_WARN_UNINITIALIZED_AUTOS = YES_AGGRESSIVE;
				GCC_WARN_UNUSED_FUNCTION = YES;
				GCC_WARN_UNUSED_VARIABLE = YES;
				IPHONEOS_DEPLOYMENT_TARGET = 8.0;
				MACOSX_DEPLOYMENT_TARGET = 10.11;
				MTL_ENABLE_DEBUG_INFO = INCLUDE_SOURCE;
				MTL_FAST_MATH = YES;
				ONLY_ACTIVE_ARCH = YES;
				SDKROOT = iphoneos;
				VERSIONING_SYSTEM = "apple-generic";
				VERSION_INFO_PREFIX = "";
			};
			name = DebugAppStore;
		};
		D0208AE82306E86800A23503 /* DebugAppStore */ = {
			isa = XCBuildConfiguration;
			buildSettings = {
				APPLICATION_EXTENSION_API_ONLY = YES;
				CODE_SIGN_IDENTITY = "";
				CODE_SIGN_STYLE = Manual;
				DEFINES_MODULE = YES;
				DEVELOPMENT_TEAM = "";
				DYLIB_COMPATIBILITY_VERSION = 1;
				DYLIB_CURRENT_VERSION = 1;
				DYLIB_INSTALL_NAME_BASE = "@rpath";
				INFOPLIST_FILE = Info.plist;
				INSTALL_PATH = "$(LOCAL_LIBRARY_DIR)/Frameworks";
				LD_RUNPATH_SEARCH_PATHS = (
					"$(inherited)",
					"@executable_path/Frameworks",
					"@loader_path/Frameworks",
				);
				MACH_O_TYPE = staticlib;
				PRODUCT_BUNDLE_IDENTIFIER = org.telegram.libphonenumber;
				PRODUCT_NAME = "$(TARGET_NAME:c99extidentifier)";
				PROVISIONING_PROFILE_SPECIFIER = "";
				SKIP_INSTALL = YES;
				TARGETED_DEVICE_FAMILY = "1,2";
			};
			name = DebugAppStore;
		};
		D0208AE92306E86800A23503 /* DebugAppStore */ = {
			isa = XCBuildConfiguration;
			buildSettings = {
				APPLICATION_EXTENSION_API_ONLY = YES;
				CODE_SIGN_IDENTITY = "";
				CODE_SIGN_STYLE = Manual;
				DEFINES_MODULE = YES;
				DEVELOPMENT_TEAM = "";
				DYLIB_COMPATIBILITY_VERSION = 1;
				DYLIB_CURRENT_VERSION = 1;
				DYLIB_INSTALL_NAME_BASE = "@rpath";
				INFOPLIST_FILE = libphonenumbermac/Info.plist;
				INSTALL_PATH = "$(LOCAL_LIBRARY_DIR)/Frameworks";
				LD_RUNPATH_SEARCH_PATHS = (
					"$(inherited)",
					"@executable_path/Frameworks",
					"@loader_path/Frameworks",
				);
				MACH_O_TYPE = staticlib;
				PRODUCT_BUNDLE_IDENTIFIER = org.telegram.libphonenumbermac;
				PRODUCT_NAME = "$(TARGET_NAME)";
				PROVISIONING_PROFILE_SPECIFIER = "";
				SDKROOT = macosx;
				SKIP_INSTALL = YES;
				TARGETED_DEVICE_FAMILY = "1,2";
			};
			name = DebugAppStore;
		};
		D0208AEA2306E87100A23503 /* HockeyappMacAlpha */ = {
			isa = XCBuildConfiguration;
			buildSettings = {
				ALWAYS_SEARCH_USER_PATHS = NO;
				CLANG_ANALYZER_NONNULL = YES;
				CLANG_ANALYZER_NUMBER_OBJECT_CONVERSION = YES_AGGRESSIVE;
				CLANG_CXX_LANGUAGE_STANDARD = "gnu++14";
				CLANG_CXX_LIBRARY = "libc++";
				CLANG_ENABLE_MODULES = YES;
				CLANG_ENABLE_OBJC_ARC = YES;
				CLANG_ENABLE_OBJC_WEAK = YES;
				CLANG_WARN_BLOCK_CAPTURE_AUTORELEASING = YES;
				CLANG_WARN_BOOL_CONVERSION = YES;
				CLANG_WARN_COMMA = YES;
				CLANG_WARN_CONSTANT_CONVERSION = YES;
				CLANG_WARN_DEPRECATED_OBJC_IMPLEMENTATIONS = YES;
				CLANG_WARN_DIRECT_OBJC_ISA_USAGE = YES_ERROR;
				CLANG_WARN_DOCUMENTATION_COMMENTS = YES;
				CLANG_WARN_EMPTY_BODY = YES;
				CLANG_WARN_ENUM_CONVERSION = YES;
				CLANG_WARN_INFINITE_RECURSION = YES;
				CLANG_WARN_INT_CONVERSION = YES;
				CLANG_WARN_NON_LITERAL_NULL_CONVERSION = YES;
				CLANG_WARN_OBJC_IMPLICIT_RETAIN_SELF = YES;
				CLANG_WARN_OBJC_LITERAL_CONVERSION = YES;
				CLANG_WARN_OBJC_ROOT_CLASS = YES_ERROR;
				CLANG_WARN_RANGE_LOOP_ANALYSIS = YES;
				CLANG_WARN_STRICT_PROTOTYPES = YES;
				CLANG_WARN_SUSPICIOUS_MOVE = YES;
				CLANG_WARN_UNGUARDED_AVAILABILITY = YES_AGGRESSIVE;
				CLANG_WARN_UNREACHABLE_CODE = YES;
				CLANG_WARN__DUPLICATE_METHOD_MATCH = YES;
				CODE_SIGN_IDENTITY = "iPhone Developer";
				COPY_PHASE_STRIP = NO;
				CURRENT_PROJECT_VERSION = 1;
				DEBUG_INFORMATION_FORMAT = dwarf;
				ENABLE_STRICT_OBJC_MSGSEND = YES;
				ENABLE_TESTABILITY = YES;
				GCC_C_LANGUAGE_STANDARD = gnu11;
				GCC_DYNAMIC_NO_PIC = NO;
				GCC_NO_COMMON_BLOCKS = YES;
				GCC_OPTIMIZATION_LEVEL = 0;
				GCC_PREPROCESSOR_DEFINITIONS = (
					"DEBUG=1",
					"$(inherited)",
				);
				GCC_WARN_64_TO_32_BIT_CONVERSION = YES;
				GCC_WARN_ABOUT_RETURN_TYPE = YES_ERROR;
				GCC_WARN_UNDECLARED_SELECTOR = YES;
				GCC_WARN_UNINITIALIZED_AUTOS = YES_AGGRESSIVE;
				GCC_WARN_UNUSED_FUNCTION = YES;
				GCC_WARN_UNUSED_VARIABLE = YES;
				IPHONEOS_DEPLOYMENT_TARGET = 8.0;
				MACOSX_DEPLOYMENT_TARGET = 10.11;
				MTL_ENABLE_DEBUG_INFO = INCLUDE_SOURCE;
				MTL_FAST_MATH = YES;
				ONLY_ACTIVE_ARCH = YES;
				SDKROOT = iphoneos;
				VERSIONING_SYSTEM = "apple-generic";
				VERSION_INFO_PREFIX = "";
			};
			name = HockeyappMacAlpha;
		};
		D0208AEB2306E87100A23503 /* HockeyappMacAlpha */ = {
			isa = XCBuildConfiguration;
			buildSettings = {
				APPLICATION_EXTENSION_API_ONLY = YES;
				CODE_SIGN_IDENTITY = "";
				CODE_SIGN_STYLE = Manual;
				DEFINES_MODULE = YES;
				DEVELOPMENT_TEAM = "";
				DYLIB_COMPATIBILITY_VERSION = 1;
				DYLIB_CURRENT_VERSION = 1;
				DYLIB_INSTALL_NAME_BASE = "@rpath";
				INFOPLIST_FILE = Info.plist;
				INSTALL_PATH = "$(LOCAL_LIBRARY_DIR)/Frameworks";
				LD_RUNPATH_SEARCH_PATHS = (
					"$(inherited)",
					"@executable_path/Frameworks",
					"@loader_path/Frameworks",
				);
				MACH_O_TYPE = staticlib;
				PRODUCT_BUNDLE_IDENTIFIER = org.telegram.libphonenumber;
				PRODUCT_NAME = "$(TARGET_NAME:c99extidentifier)";
				PROVISIONING_PROFILE_SPECIFIER = "";
				SKIP_INSTALL = YES;
				TARGETED_DEVICE_FAMILY = "1,2";
			};
			name = HockeyappMacAlpha;
		};
		D0208AEC2306E87100A23503 /* HockeyappMacAlpha */ = {
			isa = XCBuildConfiguration;
			buildSettings = {
				APPLICATION_EXTENSION_API_ONLY = YES;
				CODE_SIGN_IDENTITY = "";
				CODE_SIGN_STYLE = Manual;
				DEFINES_MODULE = YES;
				DEVELOPMENT_TEAM = "";
				DYLIB_COMPATIBILITY_VERSION = 1;
				DYLIB_CURRENT_VERSION = 1;
				DYLIB_INSTALL_NAME_BASE = "@rpath";
				INFOPLIST_FILE = libphonenumbermac/Info.plist;
				INSTALL_PATH = "$(LOCAL_LIBRARY_DIR)/Frameworks";
				LD_RUNPATH_SEARCH_PATHS = (
					"$(inherited)",
					"@executable_path/Frameworks",
					"@loader_path/Frameworks",
				);
				MACH_O_TYPE = staticlib;
				PRODUCT_BUNDLE_IDENTIFIER = org.telegram.libphonenumbermac;
				PRODUCT_NAME = "$(TARGET_NAME)";
				PROVISIONING_PROFILE_SPECIFIER = "";
				SDKROOT = macosx;
				SKIP_INSTALL = YES;
				TARGETED_DEVICE_FAMILY = "1,2";
			};
			name = HockeyappMacAlpha;
		};
		D0208AED2306E87700A23503 /* ReleaseAppStore */ = {
			isa = XCBuildConfiguration;
			buildSettings = {
				ALWAYS_SEARCH_USER_PATHS = NO;
				CLANG_ANALYZER_NONNULL = YES;
				CLANG_ANALYZER_NUMBER_OBJECT_CONVERSION = YES_AGGRESSIVE;
				CLANG_CXX_LANGUAGE_STANDARD = "gnu++14";
				CLANG_CXX_LIBRARY = "libc++";
				CLANG_ENABLE_MODULES = YES;
				CLANG_ENABLE_OBJC_ARC = YES;
				CLANG_ENABLE_OBJC_WEAK = YES;
				CLANG_WARN_BLOCK_CAPTURE_AUTORELEASING = YES;
				CLANG_WARN_BOOL_CONVERSION = YES;
				CLANG_WARN_COMMA = YES;
				CLANG_WARN_CONSTANT_CONVERSION = YES;
				CLANG_WARN_DEPRECATED_OBJC_IMPLEMENTATIONS = YES;
				CLANG_WARN_DIRECT_OBJC_ISA_USAGE = YES_ERROR;
				CLANG_WARN_DOCUMENTATION_COMMENTS = YES;
				CLANG_WARN_EMPTY_BODY = YES;
				CLANG_WARN_ENUM_CONVERSION = YES;
				CLANG_WARN_INFINITE_RECURSION = YES;
				CLANG_WARN_INT_CONVERSION = YES;
				CLANG_WARN_NON_LITERAL_NULL_CONVERSION = YES;
				CLANG_WARN_OBJC_IMPLICIT_RETAIN_SELF = YES;
				CLANG_WARN_OBJC_LITERAL_CONVERSION = YES;
				CLANG_WARN_OBJC_ROOT_CLASS = YES_ERROR;
				CLANG_WARN_RANGE_LOOP_ANALYSIS = YES;
				CLANG_WARN_STRICT_PROTOTYPES = YES;
				CLANG_WARN_SUSPICIOUS_MOVE = YES;
				CLANG_WARN_UNGUARDED_AVAILABILITY = YES_AGGRESSIVE;
				CLANG_WARN_UNREACHABLE_CODE = YES;
				CLANG_WARN__DUPLICATE_METHOD_MATCH = YES;
				CODE_SIGN_IDENTITY = "iPhone Developer";
				COPY_PHASE_STRIP = NO;
				CURRENT_PROJECT_VERSION = 1;
				DEBUG_INFORMATION_FORMAT = "dwarf-with-dsym";
				ENABLE_NS_ASSERTIONS = NO;
				ENABLE_STRICT_OBJC_MSGSEND = YES;
				GCC_C_LANGUAGE_STANDARD = gnu11;
				GCC_NO_COMMON_BLOCKS = YES;
				GCC_WARN_64_TO_32_BIT_CONVERSION = YES;
				GCC_WARN_ABOUT_RETURN_TYPE = YES_ERROR;
				GCC_WARN_UNDECLARED_SELECTOR = YES;
				GCC_WARN_UNINITIALIZED_AUTOS = YES_AGGRESSIVE;
				GCC_WARN_UNUSED_FUNCTION = YES;
				GCC_WARN_UNUSED_VARIABLE = YES;
				IPHONEOS_DEPLOYMENT_TARGET = 8.0;
				MACOSX_DEPLOYMENT_TARGET = 10.11;
				MTL_ENABLE_DEBUG_INFO = NO;
				MTL_FAST_MATH = YES;
				SDKROOT = iphoneos;
				VALIDATE_PRODUCT = YES;
				VERSIONING_SYSTEM = "apple-generic";
				VERSION_INFO_PREFIX = "";
			};
			name = ReleaseAppStore;
		};
		D0208AEE2306E87700A23503 /* ReleaseAppStore */ = {
			isa = XCBuildConfiguration;
			buildSettings = {
				APPLICATION_EXTENSION_API_ONLY = YES;
				CODE_SIGN_IDENTITY = "";
				CODE_SIGN_STYLE = Manual;
				DEFINES_MODULE = YES;
				DEVELOPMENT_TEAM = "";
				DYLIB_COMPATIBILITY_VERSION = 1;
				DYLIB_CURRENT_VERSION = 1;
				DYLIB_INSTALL_NAME_BASE = "@rpath";
				INFOPLIST_FILE = Info.plist;
				INSTALL_PATH = "$(LOCAL_LIBRARY_DIR)/Frameworks";
				LD_RUNPATH_SEARCH_PATHS = (
					"$(inherited)",
					"@executable_path/Frameworks",
					"@loader_path/Frameworks",
				);
				MACH_O_TYPE = staticlib;
				PRODUCT_BUNDLE_IDENTIFIER = org.telegram.libphonenumber;
				PRODUCT_NAME = "$(TARGET_NAME:c99extidentifier)";
				PROVISIONING_PROFILE_SPECIFIER = "";
				SKIP_INSTALL = YES;
				TARGETED_DEVICE_FAMILY = "1,2";
			};
			name = ReleaseAppStore;
		};
		D0208AEF2306E87700A23503 /* ReleaseAppStore */ = {
			isa = XCBuildConfiguration;
			buildSettings = {
				APPLICATION_EXTENSION_API_ONLY = YES;
				CODE_SIGN_IDENTITY = "";
				CODE_SIGN_STYLE = Manual;
				DEFINES_MODULE = YES;
				DEVELOPMENT_TEAM = "";
				DYLIB_COMPATIBILITY_VERSION = 1;
				DYLIB_CURRENT_VERSION = 1;
				DYLIB_INSTALL_NAME_BASE = "@rpath";
				INFOPLIST_FILE = libphonenumbermac/Info.plist;
				INSTALL_PATH = "$(LOCAL_LIBRARY_DIR)/Frameworks";
				LD_RUNPATH_SEARCH_PATHS = (
					"$(inherited)",
					"@executable_path/Frameworks",
					"@loader_path/Frameworks",
				);
				MACH_O_TYPE = staticlib;
				PRODUCT_BUNDLE_IDENTIFIER = org.telegram.libphonenumbermac;
				PRODUCT_NAME = "$(TARGET_NAME)";
				PROVISIONING_PROFILE_SPECIFIER = "";
				SDKROOT = macosx;
				SKIP_INSTALL = YES;
				TARGETED_DEVICE_FAMILY = "1,2";
			};
			name = ReleaseAppStore;
		};
		D0208AF02306E87E00A23503 /* ReleaseHockeyapp */ = {
			isa = XCBuildConfiguration;
			buildSettings = {
				ALWAYS_SEARCH_USER_PATHS = NO;
				CLANG_ANALYZER_NONNULL = YES;
				CLANG_ANALYZER_NUMBER_OBJECT_CONVERSION = YES_AGGRESSIVE;
				CLANG_CXX_LANGUAGE_STANDARD = "gnu++14";
				CLANG_CXX_LIBRARY = "libc++";
				CLANG_ENABLE_MODULES = YES;
				CLANG_ENABLE_OBJC_ARC = YES;
				CLANG_ENABLE_OBJC_WEAK = YES;
				CLANG_WARN_BLOCK_CAPTURE_AUTORELEASING = YES;
				CLANG_WARN_BOOL_CONVERSION = YES;
				CLANG_WARN_COMMA = YES;
				CLANG_WARN_CONSTANT_CONVERSION = YES;
				CLANG_WARN_DEPRECATED_OBJC_IMPLEMENTATIONS = YES;
				CLANG_WARN_DIRECT_OBJC_ISA_USAGE = YES_ERROR;
				CLANG_WARN_DOCUMENTATION_COMMENTS = YES;
				CLANG_WARN_EMPTY_BODY = YES;
				CLANG_WARN_ENUM_CONVERSION = YES;
				CLANG_WARN_INFINITE_RECURSION = YES;
				CLANG_WARN_INT_CONVERSION = YES;
				CLANG_WARN_NON_LITERAL_NULL_CONVERSION = YES;
				CLANG_WARN_OBJC_IMPLICIT_RETAIN_SELF = YES;
				CLANG_WARN_OBJC_LITERAL_CONVERSION = YES;
				CLANG_WARN_OBJC_ROOT_CLASS = YES_ERROR;
				CLANG_WARN_RANGE_LOOP_ANALYSIS = YES;
				CLANG_WARN_STRICT_PROTOTYPES = YES;
				CLANG_WARN_SUSPICIOUS_MOVE = YES;
				CLANG_WARN_UNGUARDED_AVAILABILITY = YES_AGGRESSIVE;
				CLANG_WARN_UNREACHABLE_CODE = YES;
				CLANG_WARN__DUPLICATE_METHOD_MATCH = YES;
				CODE_SIGN_IDENTITY = "iPhone Developer";
				COPY_PHASE_STRIP = NO;
				CURRENT_PROJECT_VERSION = 1;
				DEBUG_INFORMATION_FORMAT = "dwarf-with-dsym";
				ENABLE_NS_ASSERTIONS = NO;
				ENABLE_STRICT_OBJC_MSGSEND = YES;
				GCC_C_LANGUAGE_STANDARD = gnu11;
				GCC_NO_COMMON_BLOCKS = YES;
				GCC_WARN_64_TO_32_BIT_CONVERSION = YES;
				GCC_WARN_ABOUT_RETURN_TYPE = YES_ERROR;
				GCC_WARN_UNDECLARED_SELECTOR = YES;
				GCC_WARN_UNINITIALIZED_AUTOS = YES_AGGRESSIVE;
				GCC_WARN_UNUSED_FUNCTION = YES;
				GCC_WARN_UNUSED_VARIABLE = YES;
				IPHONEOS_DEPLOYMENT_TARGET = 8.0;
				MACOSX_DEPLOYMENT_TARGET = 10.11;
				MTL_ENABLE_DEBUG_INFO = NO;
				MTL_FAST_MATH = YES;
				SDKROOT = iphoneos;
				VALIDATE_PRODUCT = YES;
				VERSIONING_SYSTEM = "apple-generic";
				VERSION_INFO_PREFIX = "";
			};
			name = ReleaseHockeyapp;
		};
		D0208AF12306E87E00A23503 /* ReleaseHockeyapp */ = {
			isa = XCBuildConfiguration;
			buildSettings = {
				APPLICATION_EXTENSION_API_ONLY = YES;
				CODE_SIGN_IDENTITY = "";
				CODE_SIGN_STYLE = Manual;
				DEFINES_MODULE = YES;
				DEVELOPMENT_TEAM = "";
				DYLIB_COMPATIBILITY_VERSION = 1;
				DYLIB_CURRENT_VERSION = 1;
				DYLIB_INSTALL_NAME_BASE = "@rpath";
				INFOPLIST_FILE = Info.plist;
				INSTALL_PATH = "$(LOCAL_LIBRARY_DIR)/Frameworks";
				LD_RUNPATH_SEARCH_PATHS = (
					"$(inherited)",
					"@executable_path/Frameworks",
					"@loader_path/Frameworks",
				);
				MACH_O_TYPE = staticlib;
				PRODUCT_BUNDLE_IDENTIFIER = org.telegram.libphonenumber;
				PRODUCT_NAME = "$(TARGET_NAME:c99extidentifier)";
				PROVISIONING_PROFILE_SPECIFIER = "";
				SKIP_INSTALL = YES;
				TARGETED_DEVICE_FAMILY = "1,2";
			};
			name = ReleaseHockeyapp;
		};
		D0208AF22306E87E00A23503 /* ReleaseHockeyapp */ = {
			isa = XCBuildConfiguration;
			buildSettings = {
				APPLICATION_EXTENSION_API_ONLY = YES;
				CODE_SIGN_IDENTITY = "";
				CODE_SIGN_STYLE = Manual;
				DEFINES_MODULE = YES;
				DEVELOPMENT_TEAM = "";
				DYLIB_COMPATIBILITY_VERSION = 1;
				DYLIB_CURRENT_VERSION = 1;
				DYLIB_INSTALL_NAME_BASE = "@rpath";
				INFOPLIST_FILE = libphonenumbermac/Info.plist;
				INSTALL_PATH = "$(LOCAL_LIBRARY_DIR)/Frameworks";
				LD_RUNPATH_SEARCH_PATHS = (
					"$(inherited)",
					"@executable_path/Frameworks",
					"@loader_path/Frameworks",
				);
				MACH_O_TYPE = staticlib;
				PRODUCT_BUNDLE_IDENTIFIER = org.telegram.libphonenumbermac;
				PRODUCT_NAME = "$(TARGET_NAME)";
				PROVISIONING_PROFILE_SPECIFIER = "";
				SDKROOT = macosx;
				SKIP_INSTALL = YES;
				TARGETED_DEVICE_FAMILY = "1,2";
			};
			name = ReleaseHockeyapp;
		};
		D03E45902305CE840049C28B /* DebugAppStoreLLC */ = {
			isa = XCBuildConfiguration;
			buildSettings = {
				ALWAYS_SEARCH_USER_PATHS = NO;
				CLANG_ANALYZER_NONNULL = YES;
				CLANG_ANALYZER_NUMBER_OBJECT_CONVERSION = YES_AGGRESSIVE;
				CLANG_CXX_LANGUAGE_STANDARD = "gnu++14";
				CLANG_CXX_LIBRARY = "libc++";
				CLANG_ENABLE_MODULES = YES;
				CLANG_ENABLE_OBJC_ARC = YES;
				CLANG_ENABLE_OBJC_WEAK = YES;
				CLANG_WARN_BLOCK_CAPTURE_AUTORELEASING = YES;
				CLANG_WARN_BOOL_CONVERSION = YES;
				CLANG_WARN_COMMA = YES;
				CLANG_WARN_CONSTANT_CONVERSION = YES;
				CLANG_WARN_DEPRECATED_OBJC_IMPLEMENTATIONS = YES;
				CLANG_WARN_DIRECT_OBJC_ISA_USAGE = YES_ERROR;
				CLANG_WARN_DOCUMENTATION_COMMENTS = YES;
				CLANG_WARN_EMPTY_BODY = YES;
				CLANG_WARN_ENUM_CONVERSION = YES;
				CLANG_WARN_INFINITE_RECURSION = YES;
				CLANG_WARN_INT_CONVERSION = YES;
				CLANG_WARN_NON_LITERAL_NULL_CONVERSION = YES;
				CLANG_WARN_OBJC_IMPLICIT_RETAIN_SELF = YES;
				CLANG_WARN_OBJC_LITERAL_CONVERSION = YES;
				CLANG_WARN_OBJC_ROOT_CLASS = YES_ERROR;
				CLANG_WARN_RANGE_LOOP_ANALYSIS = YES;
				CLANG_WARN_STRICT_PROTOTYPES = YES;
				CLANG_WARN_SUSPICIOUS_MOVE = YES;
				CLANG_WARN_UNGUARDED_AVAILABILITY = YES_AGGRESSIVE;
				CLANG_WARN_UNREACHABLE_CODE = YES;
				CLANG_WARN__DUPLICATE_METHOD_MATCH = YES;
				CODE_SIGN_IDENTITY = "iPhone Developer";
				COPY_PHASE_STRIP = NO;
				CURRENT_PROJECT_VERSION = 1;
				DEBUG_INFORMATION_FORMAT = dwarf;
				ENABLE_STRICT_OBJC_MSGSEND = YES;
				ENABLE_TESTABILITY = YES;
				GCC_C_LANGUAGE_STANDARD = gnu11;
				GCC_DYNAMIC_NO_PIC = NO;
				GCC_NO_COMMON_BLOCKS = YES;
				GCC_OPTIMIZATION_LEVEL = 0;
				GCC_PREPROCESSOR_DEFINITIONS = (
					"DEBUG=1",
					"$(inherited)",
				);
				GCC_WARN_64_TO_32_BIT_CONVERSION = YES;
				GCC_WARN_ABOUT_RETURN_TYPE = YES_ERROR;
				GCC_WARN_UNDECLARED_SELECTOR = YES;
				GCC_WARN_UNINITIALIZED_AUTOS = YES_AGGRESSIVE;
				GCC_WARN_UNUSED_FUNCTION = YES;
				GCC_WARN_UNUSED_VARIABLE = YES;
				IPHONEOS_DEPLOYMENT_TARGET = 8.0;
				MACOSX_DEPLOYMENT_TARGET = 10.11;
				MTL_ENABLE_DEBUG_INFO = INCLUDE_SOURCE;
				MTL_FAST_MATH = YES;
				ONLY_ACTIVE_ARCH = YES;
				SDKROOT = iphoneos;
				VERSIONING_SYSTEM = "apple-generic";
				VERSION_INFO_PREFIX = "";
			};
			name = DebugAppStoreLLC;
		};
		D03E45912305CE840049C28B /* ReleaseAppStoreLLC */ = {
			isa = XCBuildConfiguration;
			buildSettings = {
				ALWAYS_SEARCH_USER_PATHS = NO;
				CLANG_ANALYZER_NONNULL = YES;
				CLANG_ANALYZER_NUMBER_OBJECT_CONVERSION = YES_AGGRESSIVE;
				CLANG_CXX_LANGUAGE_STANDARD = "gnu++14";
				CLANG_CXX_LIBRARY = "libc++";
				CLANG_ENABLE_MODULES = YES;
				CLANG_ENABLE_OBJC_ARC = YES;
				CLANG_ENABLE_OBJC_WEAK = YES;
				CLANG_WARN_BLOCK_CAPTURE_AUTORELEASING = YES;
				CLANG_WARN_BOOL_CONVERSION = YES;
				CLANG_WARN_COMMA = YES;
				CLANG_WARN_CONSTANT_CONVERSION = YES;
				CLANG_WARN_DEPRECATED_OBJC_IMPLEMENTATIONS = YES;
				CLANG_WARN_DIRECT_OBJC_ISA_USAGE = YES_ERROR;
				CLANG_WARN_DOCUMENTATION_COMMENTS = YES;
				CLANG_WARN_EMPTY_BODY = YES;
				CLANG_WARN_ENUM_CONVERSION = YES;
				CLANG_WARN_INFINITE_RECURSION = YES;
				CLANG_WARN_INT_CONVERSION = YES;
				CLANG_WARN_NON_LITERAL_NULL_CONVERSION = YES;
				CLANG_WARN_OBJC_IMPLICIT_RETAIN_SELF = YES;
				CLANG_WARN_OBJC_LITERAL_CONVERSION = YES;
				CLANG_WARN_OBJC_ROOT_CLASS = YES_ERROR;
				CLANG_WARN_RANGE_LOOP_ANALYSIS = YES;
				CLANG_WARN_STRICT_PROTOTYPES = YES;
				CLANG_WARN_SUSPICIOUS_MOVE = YES;
				CLANG_WARN_UNGUARDED_AVAILABILITY = YES_AGGRESSIVE;
				CLANG_WARN_UNREACHABLE_CODE = YES;
				CLANG_WARN__DUPLICATE_METHOD_MATCH = YES;
				CODE_SIGN_IDENTITY = "iPhone Developer";
				COPY_PHASE_STRIP = NO;
				CURRENT_PROJECT_VERSION = 1;
				DEBUG_INFORMATION_FORMAT = "dwarf-with-dsym";
				ENABLE_NS_ASSERTIONS = NO;
				ENABLE_STRICT_OBJC_MSGSEND = YES;
				GCC_C_LANGUAGE_STANDARD = gnu11;
				GCC_NO_COMMON_BLOCKS = YES;
				GCC_WARN_64_TO_32_BIT_CONVERSION = YES;
				GCC_WARN_ABOUT_RETURN_TYPE = YES_ERROR;
				GCC_WARN_UNDECLARED_SELECTOR = YES;
				GCC_WARN_UNINITIALIZED_AUTOS = YES_AGGRESSIVE;
				GCC_WARN_UNUSED_FUNCTION = YES;
				GCC_WARN_UNUSED_VARIABLE = YES;
				IPHONEOS_DEPLOYMENT_TARGET = 8.0;
				MACOSX_DEPLOYMENT_TARGET = 10.11;
				MTL_ENABLE_DEBUG_INFO = NO;
				MTL_FAST_MATH = YES;
				SDKROOT = iphoneos;
				VALIDATE_PRODUCT = YES;
				VERSIONING_SYSTEM = "apple-generic";
				VERSION_INFO_PREFIX = "";
			};
			name = ReleaseAppStoreLLC;
		};
		D03E45932305CE840049C28B /* DebugAppStoreLLC */ = {
			isa = XCBuildConfiguration;
			buildSettings = {
				APPLICATION_EXTENSION_API_ONLY = YES;
				CODE_SIGN_IDENTITY = "";
				CODE_SIGN_STYLE = Manual;
				DEFINES_MODULE = YES;
				DEVELOPMENT_TEAM = "";
				DYLIB_COMPATIBILITY_VERSION = 1;
				DYLIB_CURRENT_VERSION = 1;
				DYLIB_INSTALL_NAME_BASE = "@rpath";
				INFOPLIST_FILE = Info.plist;
				INSTALL_PATH = "$(LOCAL_LIBRARY_DIR)/Frameworks";
				LD_RUNPATH_SEARCH_PATHS = (
					"$(inherited)",
					"@executable_path/Frameworks",
					"@loader_path/Frameworks",
				);
				MACH_O_TYPE = staticlib;
				PRODUCT_BUNDLE_IDENTIFIER = org.telegram.libphonenumber;
				PRODUCT_NAME = "$(TARGET_NAME:c99extidentifier)";
				PROVISIONING_PROFILE_SPECIFIER = "";
				SKIP_INSTALL = YES;
				TARGETED_DEVICE_FAMILY = "1,2";
			};
			name = DebugAppStoreLLC;
		};
		D03E45942305CE840049C28B /* ReleaseAppStoreLLC */ = {
			isa = XCBuildConfiguration;
			buildSettings = {
				APPLICATION_EXTENSION_API_ONLY = YES;
				CODE_SIGN_IDENTITY = "";
				CODE_SIGN_STYLE = Manual;
				DEFINES_MODULE = YES;
				DEVELOPMENT_TEAM = "";
				DYLIB_COMPATIBILITY_VERSION = 1;
				DYLIB_CURRENT_VERSION = 1;
				DYLIB_INSTALL_NAME_BASE = "@rpath";
				INFOPLIST_FILE = Info.plist;
				INSTALL_PATH = "$(LOCAL_LIBRARY_DIR)/Frameworks";
				LD_RUNPATH_SEARCH_PATHS = (
					"$(inherited)",
					"@executable_path/Frameworks",
					"@loader_path/Frameworks",
				);
				MACH_O_TYPE = staticlib;
				PRODUCT_BUNDLE_IDENTIFIER = org.telegram.libphonenumber;
				PRODUCT_NAME = "$(TARGET_NAME:c99extidentifier)";
				PROVISIONING_PROFILE_SPECIFIER = "";
				SKIP_INSTALL = YES;
				TARGETED_DEVICE_FAMILY = "1,2";
			};
			name = ReleaseAppStoreLLC;
		};
		D03E45952305CE9A0049C28B /* DebugHockeyapp */ = {
			isa = XCBuildConfiguration;
			buildSettings = {
				ALWAYS_SEARCH_USER_PATHS = NO;
				CLANG_ANALYZER_NONNULL = YES;
				CLANG_ANALYZER_NUMBER_OBJECT_CONVERSION = YES_AGGRESSIVE;
				CLANG_CXX_LANGUAGE_STANDARD = "gnu++14";
				CLANG_CXX_LIBRARY = "libc++";
				CLANG_ENABLE_MODULES = YES;
				CLANG_ENABLE_OBJC_ARC = YES;
				CLANG_ENABLE_OBJC_WEAK = YES;
				CLANG_WARN_BLOCK_CAPTURE_AUTORELEASING = YES;
				CLANG_WARN_BOOL_CONVERSION = YES;
				CLANG_WARN_COMMA = YES;
				CLANG_WARN_CONSTANT_CONVERSION = YES;
				CLANG_WARN_DEPRECATED_OBJC_IMPLEMENTATIONS = YES;
				CLANG_WARN_DIRECT_OBJC_ISA_USAGE = YES_ERROR;
				CLANG_WARN_DOCUMENTATION_COMMENTS = YES;
				CLANG_WARN_EMPTY_BODY = YES;
				CLANG_WARN_ENUM_CONVERSION = YES;
				CLANG_WARN_INFINITE_RECURSION = YES;
				CLANG_WARN_INT_CONVERSION = YES;
				CLANG_WARN_NON_LITERAL_NULL_CONVERSION = YES;
				CLANG_WARN_OBJC_IMPLICIT_RETAIN_SELF = YES;
				CLANG_WARN_OBJC_LITERAL_CONVERSION = YES;
				CLANG_WARN_OBJC_ROOT_CLASS = YES_ERROR;
				CLANG_WARN_RANGE_LOOP_ANALYSIS = YES;
				CLANG_WARN_STRICT_PROTOTYPES = YES;
				CLANG_WARN_SUSPICIOUS_MOVE = YES;
				CLANG_WARN_UNGUARDED_AVAILABILITY = YES_AGGRESSIVE;
				CLANG_WARN_UNREACHABLE_CODE = YES;
				CLANG_WARN__DUPLICATE_METHOD_MATCH = YES;
				CODE_SIGN_IDENTITY = "iPhone Developer";
				COPY_PHASE_STRIP = NO;
				CURRENT_PROJECT_VERSION = 1;
				DEBUG_INFORMATION_FORMAT = dwarf;
				ENABLE_STRICT_OBJC_MSGSEND = YES;
				ENABLE_TESTABILITY = YES;
				GCC_C_LANGUAGE_STANDARD = gnu11;
				GCC_DYNAMIC_NO_PIC = NO;
				GCC_NO_COMMON_BLOCKS = YES;
				GCC_OPTIMIZATION_LEVEL = 0;
				GCC_PREPROCESSOR_DEFINITIONS = (
					"DEBUG=1",
					"$(inherited)",
				);
				GCC_WARN_64_TO_32_BIT_CONVERSION = YES;
				GCC_WARN_ABOUT_RETURN_TYPE = YES_ERROR;
				GCC_WARN_UNDECLARED_SELECTOR = YES;
				GCC_WARN_UNINITIALIZED_AUTOS = YES_AGGRESSIVE;
				GCC_WARN_UNUSED_FUNCTION = YES;
				GCC_WARN_UNUSED_VARIABLE = YES;
				IPHONEOS_DEPLOYMENT_TARGET = 8.0;
				MACOSX_DEPLOYMENT_TARGET = 10.11;
				MTL_ENABLE_DEBUG_INFO = INCLUDE_SOURCE;
				MTL_FAST_MATH = YES;
				ONLY_ACTIVE_ARCH = YES;
				SDKROOT = iphoneos;
				VERSIONING_SYSTEM = "apple-generic";
				VERSION_INFO_PREFIX = "";
			};
			name = DebugHockeyapp;
		};
		D03E45962305CE9A0049C28B /* DebugHockeyapp */ = {
			isa = XCBuildConfiguration;
			buildSettings = {
				APPLICATION_EXTENSION_API_ONLY = YES;
				CODE_SIGN_IDENTITY = "";
				CODE_SIGN_STYLE = Manual;
				DEFINES_MODULE = YES;
				DEVELOPMENT_TEAM = "";
				DYLIB_COMPATIBILITY_VERSION = 1;
				DYLIB_CURRENT_VERSION = 1;
				DYLIB_INSTALL_NAME_BASE = "@rpath";
				INFOPLIST_FILE = Info.plist;
				INSTALL_PATH = "$(LOCAL_LIBRARY_DIR)/Frameworks";
				LD_RUNPATH_SEARCH_PATHS = (
					"$(inherited)",
					"@executable_path/Frameworks",
					"@loader_path/Frameworks",
				);
				MACH_O_TYPE = staticlib;
				PRODUCT_BUNDLE_IDENTIFIER = org.telegram.libphonenumber;
				PRODUCT_NAME = "$(TARGET_NAME:c99extidentifier)";
				PROVISIONING_PROFILE_SPECIFIER = "";
				SKIP_INSTALL = YES;
				TARGETED_DEVICE_FAMILY = "1,2";
			};
			name = DebugHockeyapp;
		};
		D03E45972305CEA30049C28B /* ReleaseHockeyappInternal */ = {
			isa = XCBuildConfiguration;
			buildSettings = {
				ALWAYS_SEARCH_USER_PATHS = NO;
				CLANG_ANALYZER_NONNULL = YES;
				CLANG_ANALYZER_NUMBER_OBJECT_CONVERSION = YES_AGGRESSIVE;
				CLANG_CXX_LANGUAGE_STANDARD = "gnu++14";
				CLANG_CXX_LIBRARY = "libc++";
				CLANG_ENABLE_MODULES = YES;
				CLANG_ENABLE_OBJC_ARC = YES;
				CLANG_ENABLE_OBJC_WEAK = YES;
				CLANG_WARN_BLOCK_CAPTURE_AUTORELEASING = YES;
				CLANG_WARN_BOOL_CONVERSION = YES;
				CLANG_WARN_COMMA = YES;
				CLANG_WARN_CONSTANT_CONVERSION = YES;
				CLANG_WARN_DEPRECATED_OBJC_IMPLEMENTATIONS = YES;
				CLANG_WARN_DIRECT_OBJC_ISA_USAGE = YES_ERROR;
				CLANG_WARN_DOCUMENTATION_COMMENTS = YES;
				CLANG_WARN_EMPTY_BODY = YES;
				CLANG_WARN_ENUM_CONVERSION = YES;
				CLANG_WARN_INFINITE_RECURSION = YES;
				CLANG_WARN_INT_CONVERSION = YES;
				CLANG_WARN_NON_LITERAL_NULL_CONVERSION = YES;
				CLANG_WARN_OBJC_IMPLICIT_RETAIN_SELF = YES;
				CLANG_WARN_OBJC_LITERAL_CONVERSION = YES;
				CLANG_WARN_OBJC_ROOT_CLASS = YES_ERROR;
				CLANG_WARN_RANGE_LOOP_ANALYSIS = YES;
				CLANG_WARN_STRICT_PROTOTYPES = YES;
				CLANG_WARN_SUSPICIOUS_MOVE = YES;
				CLANG_WARN_UNGUARDED_AVAILABILITY = YES_AGGRESSIVE;
				CLANG_WARN_UNREACHABLE_CODE = YES;
				CLANG_WARN__DUPLICATE_METHOD_MATCH = YES;
				CODE_SIGN_IDENTITY = "iPhone Developer";
				COPY_PHASE_STRIP = NO;
				CURRENT_PROJECT_VERSION = 1;
				DEBUG_INFORMATION_FORMAT = "dwarf-with-dsym";
				ENABLE_NS_ASSERTIONS = NO;
				ENABLE_STRICT_OBJC_MSGSEND = YES;
				GCC_C_LANGUAGE_STANDARD = gnu11;
				GCC_NO_COMMON_BLOCKS = YES;
				GCC_WARN_64_TO_32_BIT_CONVERSION = YES;
				GCC_WARN_ABOUT_RETURN_TYPE = YES_ERROR;
				GCC_WARN_UNDECLARED_SELECTOR = YES;
				GCC_WARN_UNINITIALIZED_AUTOS = YES_AGGRESSIVE;
				GCC_WARN_UNUSED_FUNCTION = YES;
				GCC_WARN_UNUSED_VARIABLE = YES;
				IPHONEOS_DEPLOYMENT_TARGET = 8.0;
				MACOSX_DEPLOYMENT_TARGET = 10.11;
				MTL_ENABLE_DEBUG_INFO = NO;
				MTL_FAST_MATH = YES;
				SDKROOT = iphoneos;
				VALIDATE_PRODUCT = YES;
				VERSIONING_SYSTEM = "apple-generic";
				VERSION_INFO_PREFIX = "";
			};
			name = ReleaseHockeyappInternal;
		};
		D03E45982305CEA30049C28B /* ReleaseHockeyappInternal */ = {
			isa = XCBuildConfiguration;
			buildSettings = {
				APPLICATION_EXTENSION_API_ONLY = YES;
				CODE_SIGN_IDENTITY = "";
				CODE_SIGN_STYLE = Manual;
				DEFINES_MODULE = YES;
				DEVELOPMENT_TEAM = "";
				DYLIB_COMPATIBILITY_VERSION = 1;
				DYLIB_CURRENT_VERSION = 1;
				DYLIB_INSTALL_NAME_BASE = "@rpath";
				INFOPLIST_FILE = Info.plist;
				INSTALL_PATH = "$(LOCAL_LIBRARY_DIR)/Frameworks";
				LD_RUNPATH_SEARCH_PATHS = (
					"$(inherited)",
					"@executable_path/Frameworks",
					"@loader_path/Frameworks",
				);
				MACH_O_TYPE = staticlib;
				PRODUCT_BUNDLE_IDENTIFIER = org.telegram.libphonenumber;
				PRODUCT_NAME = "$(TARGET_NAME:c99extidentifier)";
				PROVISIONING_PROFILE_SPECIFIER = "";
				SKIP_INSTALL = YES;
				TARGETED_DEVICE_FAMILY = "1,2";
			};
			name = ReleaseHockeyappInternal;
		};
/* End XCBuildConfiguration section */

/* Begin XCConfigurationList section */
		D0208AE02306E85800A23503 /* Build configuration list for PBXNativeTarget "libphonenumbermac" */ = {
			isa = XCConfigurationList;
			buildConfigurations = (
				D0208AE12306E85800A23503 /* DebugAppStoreLLC */,
				D0208AE22306E85800A23503 /* DebugHockeyapp */,
				D0208AEC2306E87100A23503 /* HockeyappMacAlpha */,
				D0208AE92306E86800A23503 /* DebugAppStore */,
				D0208AE32306E85800A23503 /* ReleaseAppStoreLLC */,
				D0208AEF2306E87700A23503 /* ReleaseAppStore */,
				D0208AF22306E87E00A23503 /* ReleaseHockeyapp */,
				D0208AE42306E85800A23503 /* ReleaseHockeyappInternal */,
			);
			defaultConfigurationIsVisible = 0;
			defaultConfigurationName = ReleaseAppStoreLLC;
		};
		D03E45842305CE830049C28B /* Build configuration list for PBXProject "libphonenumber_Xcode" */ = {
			isa = XCConfigurationList;
			buildConfigurations = (
				D03E45902305CE840049C28B /* DebugAppStoreLLC */,
				D03E45952305CE9A0049C28B /* DebugHockeyapp */,
				D0208AEA2306E87100A23503 /* HockeyappMacAlpha */,
				D0208AE72306E86800A23503 /* DebugAppStore */,
				D03E45912305CE840049C28B /* ReleaseAppStoreLLC */,
				D0208AED2306E87700A23503 /* ReleaseAppStore */,
				D0208AF02306E87E00A23503 /* ReleaseHockeyapp */,
				D03E45972305CEA30049C28B /* ReleaseHockeyappInternal */,
			);
			defaultConfigurationIsVisible = 0;
			defaultConfigurationName = ReleaseAppStoreLLC;
		};
		D03E45922305CE840049C28B /* Build configuration list for PBXNativeTarget "libphonenumber" */ = {
			isa = XCConfigurationList;
			buildConfigurations = (
				D03E45932305CE840049C28B /* DebugAppStoreLLC */,
				D03E45962305CE9A0049C28B /* DebugHockeyapp */,
				D0208AEB2306E87100A23503 /* HockeyappMacAlpha */,
				D0208AE82306E86800A23503 /* DebugAppStore */,
				D03E45942305CE840049C28B /* ReleaseAppStoreLLC */,
				D0208AEE2306E87700A23503 /* ReleaseAppStore */,
				D0208AF12306E87E00A23503 /* ReleaseHockeyapp */,
				D03E45982305CEA30049C28B /* ReleaseHockeyappInternal */,
			);
			defaultConfigurationIsVisible = 0;
			defaultConfigurationName = ReleaseAppStoreLLC;
		};
/* End XCConfigurationList section */
	};
	rootObject = D03E45812305CE830049C28B /* Project object */;
}
